// !$*UTF8*$!
{
	archiveVersion = 1;
	classes = {
	};
	objectVersion = 46;
	objects = {

/* Begin PBXBuildFile section */
		BF30EB581C4E34F50032FB9D /* SNUIViewAnimationViewController.m in Sources */ = {isa = PBXBuildFile; fileRef = BF30EB561C4E34F50032FB9D /* SNUIViewAnimationViewController.m */; };
		BF30EB591C4E34F50032FB9D /* SNUIViewAnimationViewController.xib in Resources */ = {isa = PBXBuildFile; fileRef = BF30EB571C4E34F50032FB9D /* SNUIViewAnimationViewController.xib */; };
		BF3B3A781CE5A5D7003DAACC /* SNOperationSqliteViewController.m in Sources */ = {isa = PBXBuildFile; fileRef = BF3B3A761CE5A5D7003DAACC /* SNOperationSqliteViewController.m */; };
		BF3B3A791CE5A5D7003DAACC /* SNOperationSqliteViewController.xib in Resources */ = {isa = PBXBuildFile; fileRef = BF3B3A771CE5A5D7003DAACC /* SNOperationSqliteViewController.xib */; };
		BF5432971C4C841400BA9C5C /* animation_city_switch_circle@3x.png in Resources */ = {isa = PBXBuildFile; fileRef = BF5432951C4C841400BA9C5C /* animation_city_switch_circle@3x.png */; };
		BF5432981C4C841400BA9C5C /* animation_switch_circle@2x.png in Resources */ = {isa = PBXBuildFile; fileRef = BF5432961C4C841400BA9C5C /* animation_switch_circle@2x.png */; };
		BF5432A41C4CACE500BA9C5C /* SNCABasicAnimationViewController.m in Sources */ = {isa = PBXBuildFile; fileRef = BF5432A21C4CACE500BA9C5C /* SNCABasicAnimationViewController.m */; };
		BF5432A51C4CACE500BA9C5C /* SNCABasicAnimationViewController.xib in Resources */ = {isa = PBXBuildFile; fileRef = BF5432A31C4CACE500BA9C5C /* SNCABasicAnimationViewController.xib */; };
		BF5432B71C4CC9BB00BA9C5C /* SNFontImgViewController.m in Sources */ = {isa = PBXBuildFile; fileRef = BF5432B61C4CC9BB00BA9C5C /* SNFontImgViewController.m */; };
		BF5432BB1C4CCA6700BA9C5C /* SNFontImgCell.m in Sources */ = {isa = PBXBuildFile; fileRef = BF5432B91C4CCA6700BA9C5C /* SNFontImgCell.m */; };
		BF5432BC1C4CCA6700BA9C5C /* SNFontImgCell.xib in Resources */ = {isa = PBXBuildFile; fileRef = BF5432BA1C4CCA6700BA9C5C /* SNFontImgCell.xib */; };
		BF5432BE1C4CCEEA00BA9C5C /* FontImgItem.json in Resources */ = {isa = PBXBuildFile; fileRef = BF5432BD1C4CCEEA00BA9C5C /* FontImgItem.json */; };
		BF9B35F71C43A02300858C4C /* SNItemListScene.m in Sources */ = {isa = PBXBuildFile; fileRef = BF9B35F51C43A02300858C4C /* SNItemListScene.m */; };
		BF9C3CBC1CA278DB007FE0EA /* SNProgressViewController.m in Sources */ = {isa = PBXBuildFile; fileRef = BF9C3CBA1CA278DB007FE0EA /* SNProgressViewController.m */; };
		BF9C3CBD1CA278DB007FE0EA /* SNProgressViewController.xib in Resources */ = {isa = PBXBuildFile; fileRef = BF9C3CBB1CA278DB007FE0EA /* SNProgressViewController.xib */; };
		BFB57CC71C3383BA005187B6 /* main.m in Sources */ = {isa = PBXBuildFile; fileRef = BFB57CC61C3383BA005187B6 /* main.m */; };
		BFB57CCA1C3383BA005187B6 /* AppDelegate.m in Sources */ = {isa = PBXBuildFile; fileRef = BFB57CC91C3383BA005187B6 /* AppDelegate.m */; };
		BFB57CD21C3383BA005187B6 /* Assets.xcassets in Resources */ = {isa = PBXBuildFile; fileRef = BFB57CD11C3383BA005187B6 /* Assets.xcassets */; };
		BFB57CE51C33846A005187B6 /* MenuItems.json in Resources */ = {isa = PBXBuildFile; fileRef = BFB57CE41C33846A005187B6 /* MenuItems.json */; };
		BFB57CEE1C3384F6005187B6 /* fertile.framework in Frameworks */ = {isa = PBXBuildFile; fileRef = BFB57CEB1C33848A005187B6 /* fertile.framework */; };
		BFB57CEF1C3384F6005187B6 /* fertile.framework in Embed Frameworks */ = {isa = PBXBuildFile; fileRef = BFB57CEB1C33848A005187B6 /* fertile.framework */; settings = {ATTRIBUTES = (CodeSignOnCopy, RemoveHeadersOnCopy, ); }; };
		BFD777541C4CDDF800E35DDA /* SNTestViewController.m in Sources */ = {isa = PBXBuildFile; fileRef = BFD777521C4CDDF800E35DDA /* SNTestViewController.m */; };
		BFD777551C4CDDF800E35DDA /* SNTestViewController.xib in Resources */ = {isa = PBXBuildFile; fileRef = BFD777531C4CDDF800E35DDA /* SNTestViewController.xib */; };
		BFF8D8291CD0836D009E6927 /* SNOperationAutoLayoutMasonryViewController.m in Sources */ = {isa = PBXBuildFile; fileRef = BFF8D8271CD0836D009E6927 /* SNOperationAutoLayoutMasonryViewController.m */; };
		BFF8D82A1CD0836D009E6927 /* SNOperationAutoLayoutMasonryViewController.xib in Resources */ = {isa = PBXBuildFile; fileRef = BFF8D8281CD0836D009E6927 /* SNOperationAutoLayoutMasonryViewController.xib */; };
/* End PBXBuildFile section */

/* Begin PBXContainerItemProxy section */
		BFB57CEA1C33848A005187B6 /* PBXContainerItemProxy */ = {
			isa = PBXContainerItemProxy;
			containerPortal = BFB57CE61C33848A005187B6 /* fertile.xcodeproj */;
			proxyType = 2;
			remoteGlobalIDString = BF8EAD001BD4E53F004A051D;
			remoteInfo = fertile;
		};
		BFB57CEC1C3384D5005187B6 /* PBXContainerItemProxy */ = {
			isa = PBXContainerItemProxy;
			containerPortal = BFB57CE61C33848A005187B6 /* fertile.xcodeproj */;
			proxyType = 1;
			remoteGlobalIDString = BF8EACFF1BD4E53F004A051D;
			remoteInfo = fertile;
		};
		BFB57CF01C3384F6005187B6 /* PBXContainerItemProxy */ = {
			isa = PBXContainerItemProxy;
			containerPortal = BFB57CE61C33848A005187B6 /* fertile.xcodeproj */;
			proxyType = 1;
			remoteGlobalIDString = BF8EACFF1BD4E53F004A051D;
			remoteInfo = fertile;
		};
/* End PBXContainerItemProxy section */

/* Begin PBXCopyFilesBuildPhase section */
		BFB57CF21C3384F6005187B6 /* Embed Frameworks */ = {
			isa = PBXCopyFilesBuildPhase;
			buildActionMask = 2147483647;
			dstPath = "";
			dstSubfolderSpec = 10;
			files = (
				BFB57CEF1C3384F6005187B6 /* fertile.framework in Embed Frameworks */,
			);
			name = "Embed Frameworks";
			runOnlyForDeploymentPostprocessing = 0;
		};
/* End PBXCopyFilesBuildPhase section */

/* Begin PBXFileReference section */
		BF30EB551C4E34F50032FB9D /* SNUIViewAnimationViewController.h */ = {isa = PBXFileReference; fileEncoding = 4; lastKnownFileType = sourcecode.c.h; path = SNUIViewAnimationViewController.h; sourceTree = "<group>"; };
		BF30EB561C4E34F50032FB9D /* SNUIViewAnimationViewController.m */ = {isa = PBXFileReference; fileEncoding = 4; lastKnownFileType = sourcecode.c.objc; path = SNUIViewAnimationViewController.m; sourceTree = "<group>"; };
		BF30EB571C4E34F50032FB9D /* SNUIViewAnimationViewController.xib */ = {isa = PBXFileReference; fileEncoding = 4; lastKnownFileType = file.xib; path = SNUIViewAnimationViewController.xib; sourceTree = "<group>"; };
		BF3B3A751CE5A5D7003DAACC /* SNOperationSqliteViewController.h */ = {isa = PBXFileReference; fileEncoding = 4; lastKnownFileType = sourcecode.c.h; path = SNOperationSqliteViewController.h; sourceTree = "<group>"; };
		BF3B3A761CE5A5D7003DAACC /* SNOperationSqliteViewController.m */ = {isa = PBXFileReference; fileEncoding = 4; lastKnownFileType = sourcecode.c.objc; path = SNOperationSqliteViewController.m; sourceTree = "<group>"; };
		BF3B3A771CE5A5D7003DAACC /* SNOperationSqliteViewController.xib */ = {isa = PBXFileReference; fileEncoding = 4; lastKnownFileType = file.xib; path = SNOperationSqliteViewController.xib; sourceTree = "<group>"; };
		BF5432951C4C841400BA9C5C /* animation_city_switch_circle@3x.png */ = {isa = PBXFileReference; lastKnownFileType = image.png; path = "animation_city_switch_circle@3x.png"; sourceTree = "<group>"; };
		BF5432961C4C841400BA9C5C /* animation_switch_circle@2x.png */ = {isa = PBXFileReference; lastKnownFileType = image.png; path = "animation_switch_circle@2x.png"; sourceTree = "<group>"; };
		BF5432A11C4CACE500BA9C5C /* SNCABasicAnimationViewController.h */ = {isa = PBXFileReference; fileEncoding = 4; lastKnownFileType = sourcecode.c.h; path = SNCABasicAnimationViewController.h; sourceTree = "<group>"; };
		BF5432A21C4CACE500BA9C5C /* SNCABasicAnimationViewController.m */ = {isa = PBXFileReference; fileEncoding = 4; lastKnownFileType = sourcecode.c.objc; path = SNCABasicAnimationViewController.m; sourceTree = "<group>"; };
		BF5432A31C4CACE500BA9C5C /* SNCABasicAnimationViewController.xib */ = {isa = PBXFileReference; fileEncoding = 4; lastKnownFileType = file.xib; path = SNCABasicAnimationViewController.xib; sourceTree = "<group>"; };
		BF5432B51C4CC9BB00BA9C5C /* SNFontImgViewController.h */ = {isa = PBXFileReference; fileEncoding = 4; lastKnownFileType = sourcecode.c.h; path = SNFontImgViewController.h; sourceTree = "<group>"; };
		BF5432B61C4CC9BB00BA9C5C /* SNFontImgViewController.m */ = {isa = PBXFileReference; fileEncoding = 4; lastKnownFileType = sourcecode.c.objc; path = SNFontImgViewController.m; sourceTree = "<group>"; };
		BF5432B81C4CCA6700BA9C5C /* SNFontImgCell.h */ = {isa = PBXFileReference; fileEncoding = 4; lastKnownFileType = sourcecode.c.h; path = SNFontImgCell.h; sourceTree = "<group>"; };
		BF5432B91C4CCA6700BA9C5C /* SNFontImgCell.m */ = {isa = PBXFileReference; fileEncoding = 4; lastKnownFileType = sourcecode.c.objc; path = SNFontImgCell.m; sourceTree = "<group>"; };
		BF5432BA1C4CCA6700BA9C5C /* SNFontImgCell.xib */ = {isa = PBXFileReference; fileEncoding = 4; lastKnownFileType = file.xib; path = SNFontImgCell.xib; sourceTree = "<group>"; };
		BF5432BD1C4CCEEA00BA9C5C /* FontImgItem.json */ = {isa = PBXFileReference; fileEncoding = 4; lastKnownFileType = text.json; path = FontImgItem.json; sourceTree = "<group>"; };
		BF9B35F41C43A02300858C4C /* SNItemListScene.h */ = {isa = PBXFileReference; fileEncoding = 4; lastKnownFileType = sourcecode.c.h; path = SNItemListScene.h; sourceTree = "<group>"; };
		BF9B35F51C43A02300858C4C /* SNItemListScene.m */ = {isa = PBXFileReference; fileEncoding = 4; lastKnownFileType = sourcecode.c.objc; path = SNItemListScene.m; sourceTree = "<group>"; };
		BF9C3CB91CA278DB007FE0EA /* SNProgressViewController.h */ = {isa = PBXFileReference; fileEncoding = 4; lastKnownFileType = sourcecode.c.h; path = SNProgressViewController.h; sourceTree = "<group>"; };
		BF9C3CBA1CA278DB007FE0EA /* SNProgressViewController.m */ = {isa = PBXFileReference; fileEncoding = 4; lastKnownFileType = sourcecode.c.objc; path = SNProgressViewController.m; sourceTree = "<group>"; };
		BF9C3CBB1CA278DB007FE0EA /* SNProgressViewController.xib */ = {isa = PBXFileReference; fileEncoding = 4; lastKnownFileType = file.xib; path = SNProgressViewController.xib; sourceTree = "<group>"; };
		BFB57CC21C3383BA005187B6 /* saloon.app */ = {isa = PBXFileReference; explicitFileType = wrapper.application; includeInIndex = 0; path = saloon.app; sourceTree = BUILT_PRODUCTS_DIR; };
		BFB57CC61C3383BA005187B6 /* main.m */ = {isa = PBXFileReference; lastKnownFileType = sourcecode.c.objc; path = main.m; sourceTree = "<group>"; };
		BFB57CC81C3383BA005187B6 /* AppDelegate.h */ = {isa = PBXFileReference; lastKnownFileType = sourcecode.c.h; path = AppDelegate.h; sourceTree = "<group>"; };
		BFB57CC91C3383BA005187B6 /* AppDelegate.m */ = {isa = PBXFileReference; lastKnownFileType = sourcecode.c.objc; path = AppDelegate.m; sourceTree = "<group>"; };
		BFB57CD11C3383BA005187B6 /* Assets.xcassets */ = {isa = PBXFileReference; lastKnownFileType = folder.assetcatalog; path = Assets.xcassets; sourceTree = "<group>"; };
		BFB57CD41C3383BA005187B6 /* Base */ = {isa = PBXFileReference; lastKnownFileType = file.storyboard; name = Base; path = Base.lproj/LaunchScreen.storyboard; sourceTree = "<group>"; };
		BFB57CD61C3383BA005187B6 /* Info.plist */ = {isa = PBXFileReference; lastKnownFileType = text.plist.xml; path = Info.plist; sourceTree = "<group>"; };
		BFB57CE41C33846A005187B6 /* MenuItems.json */ = {isa = PBXFileReference; fileEncoding = 4; lastKnownFileType = text.json; path = MenuItems.json; sourceTree = "<group>"; };
		BFB57CE61C33848A005187B6 /* fertile.xcodeproj */ = {isa = PBXFileReference; lastKnownFileType = "wrapper.pb-project"; name = fertile.xcodeproj; path = ../../fertile/fertile.xcodeproj; sourceTree = "<group>"; };
		BFB57CF61C338637005187B6 /* saloon-Prefix.pch */ = {isa = PBXFileReference; lastKnownFileType = sourcecode.c.h; path = "saloon-Prefix.pch"; sourceTree = "<group>"; };
		BFD777511C4CDDF800E35DDA /* SNTestViewController.h */ = {isa = PBXFileReference; fileEncoding = 4; lastKnownFileType = sourcecode.c.h; path = SNTestViewController.h; sourceTree = "<group>"; };
		BFD777521C4CDDF800E35DDA /* SNTestViewController.m */ = {isa = PBXFileReference; fileEncoding = 4; lastKnownFileType = sourcecode.c.objc; path = SNTestViewController.m; sourceTree = "<group>"; };
		BFD777531C4CDDF800E35DDA /* SNTestViewController.xib */ = {isa = PBXFileReference; fileEncoding = 4; lastKnownFileType = file.xib; path = SNTestViewController.xib; sourceTree = "<group>"; };
		BFF8D8261CD0836D009E6927 /* SNOperationAutoLayoutMasonryViewController.h */ = {isa = PBXFileReference; fileEncoding = 4; lastKnownFileType = sourcecode.c.h; path = SNOperationAutoLayoutMasonryViewController.h; sourceTree = "<group>"; };
		BFF8D8271CD0836D009E6927 /* SNOperationAutoLayoutMasonryViewController.m */ = {isa = PBXFileReference; fileEncoding = 4; lastKnownFileType = sourcecode.c.objc; path = SNOperationAutoLayoutMasonryViewController.m; sourceTree = "<group>"; };
		BFF8D8281CD0836D009E6927 /* SNOperationAutoLayoutMasonryViewController.xib */ = {isa = PBXFileReference; fileEncoding = 4; lastKnownFileType = file.xib; path = SNOperationAutoLayoutMasonryViewController.xib; sourceTree = "<group>"; };
/* End PBXFileReference section */

/* Begin PBXFrameworksBuildPhase section */
		BFB57CBF1C3383BA005187B6 /* Frameworks */ = {
			isa = PBXFrameworksBuildPhase;
			buildActionMask = 2147483647;
			files = (
				BFB57CEE1C3384F6005187B6 /* fertile.framework in Frameworks */,
			);
			runOnlyForDeploymentPostprocessing = 0;
		};
/* End PBXFrameworksBuildPhase section */

/* Begin PBXGroup section */
		BF5432901C4C833B00BA9C5C /* image */ = {
			isa = PBXGroup;
			children = (
				BF5432951C4C841400BA9C5C /* animation_city_switch_circle@3x.png */,
				BF5432961C4C841400BA9C5C /* animation_switch_circle@2x.png */,
			);
			path = image;
			sourceTree = "<group>";
		};
		BFB3E6121C45E2100041E614 /* widget */ = {
			isa = PBXGroup;
			children = (
				BFB3E6131C45E2360041E614 /* image */,
				BF9C3CB91CA278DB007FE0EA /* SNProgressViewController.h */,
				BF9C3CBA1CA278DB007FE0EA /* SNProgressViewController.m */,
				BF9C3CBB1CA278DB007FE0EA /* SNProgressViewController.xib */,
			);
			path = widget;
			sourceTree = "<group>";
		};
		BFB3E6131C45E2360041E614 /* image */ = {
			isa = PBXGroup;
			children = (
				BF5432B51C4CC9BB00BA9C5C /* SNFontImgViewController.h */,
				BF5432B61C4CC9BB00BA9C5C /* SNFontImgViewController.m */,
				BF5432B81C4CCA6700BA9C5C /* SNFontImgCell.h */,
				BF5432B91C4CCA6700BA9C5C /* SNFontImgCell.m */,
				BF5432BA1C4CCA6700BA9C5C /* SNFontImgCell.xib */,
			);
			path = image;
			sourceTree = "<group>";
		};
		BFB57CB91C3383BA005187B6 = {
			isa = PBXGroup;
			children = (
				BFB57CC41C3383BA005187B6 /* saloon */,
				BFB57CE31C33842D005187B6 /* Resource */,
				BFB57CE21C338428005187B6 /* Dependency */,
				BFB57CC31C3383BA005187B6 /* Products */,
			);
			sourceTree = "<group>";
		};
		BFB57CC31C3383BA005187B6 /* Products */ = {
			isa = PBXGroup;
			children = (
				BFB57CC21C3383BA005187B6 /* saloon.app */,
			);
			name = Products;
			sourceTree = "<group>";
		};
		BFB57CC41C3383BA005187B6 /* saloon */ = {
			isa = PBXGroup;
			children = (
				BFF8D8201CD081CD009E6927 /* operation */,
				BFBE5ADA1C478B8E00CF84EC /* animation */,
				BFB3E6121C45E2100041E614 /* widget */,
				BFB57CC81C3383BA005187B6 /* AppDelegate.h */,
				BFB57CC91C3383BA005187B6 /* AppDelegate.m */,
				BFB57CD11C3383BA005187B6 /* Assets.xcassets */,
				BFB57CD31C3383BA005187B6 /* LaunchScreen.storyboard */,
				BFB57CD61C3383BA005187B6 /* Info.plist */,
				BFB57CC51C3383BA005187B6 /* Supporting Files */,
				BFB57CF61C338637005187B6 /* saloon-Prefix.pch */,
				BF9B35F41C43A02300858C4C /* SNItemListScene.h */,
				BF9B35F51C43A02300858C4C /* SNItemListScene.m */,
				BFD777511C4CDDF800E35DDA /* SNTestViewController.h */,
				BFD777521C4CDDF800E35DDA /* SNTestViewController.m */,
				BFD777531C4CDDF800E35DDA /* SNTestViewController.xib */,
			);
			path = saloon;
			sourceTree = "<group>";
		};
		BFB57CC51C3383BA005187B6 /* Supporting Files */ = {
			isa = PBXGroup;
			children = (
				BFB57CC61C3383BA005187B6 /* main.m */,
			);
			name = "Supporting Files";
			sourceTree = "<group>";
		};
		BFB57CE21C338428005187B6 /* Dependency */ = {
			isa = PBXGroup;
			children = (
				BFB57CE61C33848A005187B6 /* fertile.xcodeproj */,
			);
			path = Dependency;
			sourceTree = "<group>";
		};
		BFB57CE31C33842D005187B6 /* Resource */ = {
			isa = PBXGroup;
			children = (
				BF5432901C4C833B00BA9C5C /* image */,
				BFB57CE41C33846A005187B6 /* MenuItems.json */,
				BF5432BD1C4CCEEA00BA9C5C /* FontImgItem.json */,
			);
			path = Resource;
			sourceTree = "<group>";
		};
		BFB57CE71C33848A005187B6 /* Products */ = {
			isa = PBXGroup;
			children = (
				BFB57CEB1C33848A005187B6 /* fertile.framework */,
			);
			name = Products;
			sourceTree = "<group>";
		};
		BFBE5ADA1C478B8E00CF84EC /* animation */ = {
			isa = PBXGroup;
			children = (
				BF5432A11C4CACE500BA9C5C /* SNCABasicAnimationViewController.h */,
				BF5432A21C4CACE500BA9C5C /* SNCABasicAnimationViewController.m */,
				BF5432A31C4CACE500BA9C5C /* SNCABasicAnimationViewController.xib */,
				BF30EB551C4E34F50032FB9D /* SNUIViewAnimationViewController.h */,
				BF30EB561C4E34F50032FB9D /* SNUIViewAnimationViewController.m */,
				BF30EB571C4E34F50032FB9D /* SNUIViewAnimationViewController.xib */,
			);
			path = animation;
			sourceTree = "<group>";
		};
		BFF8D8201CD081CD009E6927 /* operation */ = {
			isa = PBXGroup;
			children = (
				BFF8D8261CD0836D009E6927 /* SNOperationAutoLayoutMasonryViewController.h */,
				BFF8D8271CD0836D009E6927 /* SNOperationAutoLayoutMasonryViewController.m */,
				BFF8D8281CD0836D009E6927 /* SNOperationAutoLayoutMasonryViewController.xib */,
				BF3B3A751CE5A5D7003DAACC /* SNOperationSqliteViewController.h */,
				BF3B3A761CE5A5D7003DAACC /* SNOperationSqliteViewController.m */,
				BF3B3A771CE5A5D7003DAACC /* SNOperationSqliteViewController.xib */,
			);
			path = operation;
			sourceTree = "<group>";
		};
/* End PBXGroup section */

/* Begin PBXNativeTarget section */
		BFB57CC11C3383BA005187B6 /* saloon */ = {
			isa = PBXNativeTarget;
			buildConfigurationList = BFB57CD91C3383BA005187B6 /* Build configuration list for PBXNativeTarget "saloon" */;
			buildPhases = (
				BFB57CBE1C3383BA005187B6 /* Sources */,
				BFB57CBF1C3383BA005187B6 /* Frameworks */,
				BFB57CC01C3383BA005187B6 /* Resources */,
				BFB57CF21C3384F6005187B6 /* Embed Frameworks */,
			);
			buildRules = (
			);
			dependencies = (
				BFB57CED1C3384D5005187B6 /* PBXTargetDependency */,
				BFB57CF11C3384F6005187B6 /* PBXTargetDependency */,
			);
			name = saloon;
			productName = saloon;
			productReference = BFB57CC21C3383BA005187B6 /* saloon.app */;
			productType = "com.apple.product-type.application";
		};
/* End PBXNativeTarget section */

/* Begin PBXProject section */
		BFB57CBA1C3383BA005187B6 /* Project object */ = {
			isa = PBXProject;
			attributes = {
				LastUpgradeCheck = 0720;
				ORGANIZATIONNAME = fruit;
				TargetAttributes = {
					BFB57CC11C3383BA005187B6 = {
						CreatedOnToolsVersion = 7.2;
					};
				};
			};
			buildConfigurationList = BFB57CBD1C3383BA005187B6 /* Build configuration list for PBXProject "saloon" */;
			compatibilityVersion = "Xcode 3.2";
			developmentRegion = English;
			hasScannedForEncodings = 0;
			knownRegions = (
				en,
				Base,
			);
			mainGroup = BFB57CB91C3383BA005187B6;
			productRefGroup = BFB57CC31C3383BA005187B6 /* Products */;
			projectDirPath = "";
			projectReferences = (
				{
					ProductGroup = BFB57CE71C33848A005187B6 /* Products */;
					ProjectRef = BFB57CE61C33848A005187B6 /* fertile.xcodeproj */;
				},
			);
			projectRoot = "";
			targets = (
				BFB57CC11C3383BA005187B6 /* saloon */,
			);
		};
/* End PBXProject section */

/* Begin PBXReferenceProxy section */
		BFB57CEB1C33848A005187B6 /* fertile.framework */ = {
			isa = PBXReferenceProxy;
			fileType = wrapper.framework;
			path = fertile.framework;
			remoteRef = BFB57CEA1C33848A005187B6 /* PBXContainerItemProxy */;
			sourceTree = BUILT_PRODUCTS_DIR;
		};
/* End PBXReferenceProxy section */

/* Begin PBXResourcesBuildPhase section */
		BFB57CC01C3383BA005187B6 /* Resources */ = {
			isa = PBXResourcesBuildPhase;
			buildActionMask = 2147483647;
			files = (
				BF9C3CBD1CA278DB007FE0EA /* SNProgressViewController.xib in Resources */,
				BFB57CE51C33846A005187B6 /* MenuItems.json in Resources */,
				BFD777551C4CDDF800E35DDA /* SNTestViewController.xib in Resources */,
				BF5432BE1C4CCEEA00BA9C5C /* FontImgItem.json in Resources */,
				BFB57CD21C3383BA005187B6 /* Assets.xcassets in Resources */,
				BF30EB591C4E34F50032FB9D /* SNUIViewAnimationViewController.xib in Resources */,
				BFF8D82A1CD0836D009E6927 /* SNOperationAutoLayoutMasonryViewController.xib in Resources */,
				BF5432981C4C841400BA9C5C /* animation_switch_circle@2x.png in Resources */,
				BF5432BC1C4CCA6700BA9C5C /* SNFontImgCell.xib in Resources */,
				BF5432971C4C841400BA9C5C /* animation_city_switch_circle@3x.png in Resources */,
				BF5432A51C4CACE500BA9C5C /* SNCABasicAnimationViewController.xib in Resources */,
				BF3B3A791CE5A5D7003DAACC /* SNOperationSqliteViewController.xib in Resources */,
			);
			runOnlyForDeploymentPostprocessing = 0;
		};
/* End PBXResourcesBuildPhase section */

/* Begin PBXSourcesBuildPhase section */
		BFB57CBE1C3383BA005187B6 /* Sources */ = {
			isa = PBXSourcesBuildPhase;
			buildActionMask = 2147483647;
			files = (
				BF5432B71C4CC9BB00BA9C5C /* SNFontImgViewController.m in Sources */,
				BFB57CCA1C3383BA005187B6 /* AppDelegate.m in Sources */,
				BF3B3A781CE5A5D7003DAACC /* SNOperationSqliteViewController.m in Sources */,
				BFD777541C4CDDF800E35DDA /* SNTestViewController.m in Sources */,
				BFB57CC71C3383BA005187B6 /* main.m in Sources */,
				BF9C3CBC1CA278DB007FE0EA /* SNProgressViewController.m in Sources */,
				BF9B35F71C43A02300858C4C /* SNItemListScene.m in Sources */,
				BF5432A41C4CACE500BA9C5C /* SNCABasicAnimationViewController.m in Sources */,
				BF5432BB1C4CCA6700BA9C5C /* SNFontImgCell.m in Sources */,
				BFF8D8291CD0836D009E6927 /* SNOperationAutoLayoutMasonryViewController.m in Sources */,
				BF30EB581C4E34F50032FB9D /* SNUIViewAnimationViewController.m in Sources */,
			);
			runOnlyForDeploymentPostprocessing = 0;
		};
/* End PBXSourcesBuildPhase section */

/* Begin PBXTargetDependency section */
		BFB57CED1C3384D5005187B6 /* PBXTargetDependency */ = {
			isa = PBXTargetDependency;
			name = fertile;
			targetProxy = BFB57CEC1C3384D5005187B6 /* PBXContainerItemProxy */;
		};
		BFB57CF11C3384F6005187B6 /* PBXTargetDependency */ = {
			isa = PBXTargetDependency;
			name = fertile;
			targetProxy = BFB57CF01C3384F6005187B6 /* PBXContainerItemProxy */;
		};
/* End PBXTargetDependency section */

/* Begin PBXVariantGroup section */
		BFB57CD31C3383BA005187B6 /* LaunchScreen.storyboard */ = {
			isa = PBXVariantGroup;
			children = (
				BFB57CD41C3383BA005187B6 /* Base */,
			);
			name = LaunchScreen.storyboard;
			sourceTree = "<group>";
		};
/* End PBXVariantGroup section */

/* Begin XCBuildConfiguration section */
		BFB57CD71C3383BA005187B6 /* Debug */ = {
			isa = XCBuildConfiguration;
			buildSettings = {
				ALWAYS_SEARCH_USER_PATHS = NO;
				CLANG_CXX_LANGUAGE_STANDARD = "gnu++0x";
				CLANG_CXX_LIBRARY = "libc++";
				CLANG_ENABLE_MODULES = YES;
				CLANG_ENABLE_OBJC_ARC = YES;
				CLANG_WARN_BOOL_CONVERSION = YES;
				CLANG_WARN_CONSTANT_CONVERSION = YES;
				CLANG_WARN_DIRECT_OBJC_ISA_USAGE = YES_ERROR;
				CLANG_WARN_EMPTY_BODY = YES;
				CLANG_WARN_ENUM_CONVERSION = YES;
				CLANG_WARN_INT_CONVERSION = YES;
				CLANG_WARN_OBJC_ROOT_CLASS = YES_ERROR;
				CLANG_WARN_UNREACHABLE_CODE = YES;
				CLANG_WARN__DUPLICATE_METHOD_MATCH = YES;
				"CODE_SIGN_IDENTITY[sdk=iphoneos*]" = "iPhone Developer";
				COPY_PHASE_STRIP = NO;
				DEBUG_INFORMATION_FORMAT = dwarf;
				ENABLE_STRICT_OBJC_MSGSEND = YES;
				ENABLE_TESTABILITY = YES;
				GCC_C_LANGUAGE_STANDARD = gnu99;
				GCC_DYNAMIC_NO_PIC = NO;
				GCC_NO_COMMON_BLOCKS = YES;
				GCC_OPTIMIZATION_LEVEL = 0;
				GCC_PREPROCESSOR_DEFINITIONS = (
					"DEBUG=1",
					"$(inherited)",
				);
				GCC_WARN_64_TO_32_BIT_CONVERSION = YES;
				GCC_WARN_ABOUT_RETURN_TYPE = YES_ERROR;
				GCC_WARN_UNDECLARED_SELECTOR = YES;
				GCC_WARN_UNINITIALIZED_AUTOS = YES_AGGRESSIVE;
				GCC_WARN_UNUSED_FUNCTION = YES;
				GCC_WARN_UNUSED_VARIABLE = YES;
				IPHONEOS_DEPLOYMENT_TARGET = 9.2;
				MTL_ENABLE_DEBUG_INFO = YES;
				ONLY_ACTIVE_ARCH = YES;
				SDKROOT = iphoneos;
			};
			name = Debug;
		};
		BFB57CD81C3383BA005187B6 /* Release */ = {
			isa = XCBuildConfiguration;
			buildSettings = {
				ALWAYS_SEARCH_USER_PATHS = NO;
				CLANG_CXX_LANGUAGE_STANDARD = "gnu++0x";
				CLANG_CXX_LIBRARY = "libc++";
				CLANG_ENABLE_MODULES = YES;
				CLANG_ENABLE_OBJC_ARC = YES;
				CLANG_WARN_BOOL_CONVERSION = YES;
				CLANG_WARN_CONSTANT_CONVERSION = YES;
				CLANG_WARN_DIRECT_OBJC_ISA_USAGE = YES_ERROR;
				CLANG_WARN_EMPTY_BODY = YES;
				CLANG_WARN_ENUM_CONVERSION = YES;
				CLANG_WARN_INT_CONVERSION = YES;
				CLANG_WARN_OBJC_ROOT_CLASS = YES_ERROR;
				CLANG_WARN_UNREACHABLE_CODE = YES;
				CLANG_WARN__DUPLICATE_METHOD_MATCH = YES;
				"CODE_SIGN_IDENTITY[sdk=iphoneos*]" = "iPhone Developer";
				COPY_PHASE_STRIP = NO;
				DEBUG_INFORMATION_FORMAT = "dwarf-with-dsym";
				ENABLE_NS_ASSERTIONS = NO;
				ENABLE_STRICT_OBJC_MSGSEND = YES;
				GCC_C_LANGUAGE_STANDARD = gnu99;
				GCC_NO_COMMON_BLOCKS = YES;
				GCC_WARN_64_TO_32_BIT_CONVERSION = YES;
				GCC_WARN_ABOUT_RETURN_TYPE = YES_ERROR;
				GCC_WARN_UNDECLARED_SELECTOR = YES;
				GCC_WARN_UNINITIALIZED_AUTOS = YES_AGGRESSIVE;
				GCC_WARN_UNUSED_FUNCTION = YES;
				GCC_WARN_UNUSED_VARIABLE = YES;
				IPHONEOS_DEPLOYMENT_TARGET = 9.2;
				MTL_ENABLE_DEBUG_INFO = NO;
				SDKROOT = iphoneos;
				VALIDATE_PRODUCT = YES;
			};
			name = Release;
		};
		BFB57CDA1C3383BA005187B6 /* Debug */ = {
			isa = XCBuildConfiguration;
			buildSettings = {
				ASSETCATALOG_COMPILER_APPICON_NAME = AppIcon;
				EXECUTABLE_PREFIX = "";
				GCC_PRECOMPILE_PREFIX_HEADER = YES;
				GCC_PREFIX_HEADER = "saloon/saloon-Prefix.pch";
				HEADER_SEARCH_PATHS = "../**";
				INFOPLIST_FILE = saloon/Info.plist;
				IPHONEOS_DEPLOYMENT_TARGET = 8.1;
				LD_RUNPATH_SEARCH_PATHS = "$(inherited) @executable_path/Frameworks";
				PRODUCT_BUNDLE_IDENTIFIER = com.fruit.saloon;
				PRODUCT_NAME = "$(TARGET_NAME)";
				USER_HEADER_SEARCH_PATHS = "";
			};
			name = Debug;
		};
		BFB57CDB1C3383BA005187B6 /* Release */ = {
			isa = XCBuildConfiguration;
			buildSettings = {
				ASSETCATALOG_COMPILER_APPICON_NAME = AppIcon;
				EXECUTABLE_PREFIX = "";
				GCC_PRECOMPILE_PREFIX_HEADER = YES;
				GCC_PREFIX_HEADER = "saloon/saloon-Prefix.pch";
				HEADER_SEARCH_PATHS = "../**";
				INFOPLIST_FILE = saloon/Info.plist;
				IPHONEOS_DEPLOYMENT_TARGET = 8.1;
				LD_RUNPATH_SEARCH_PATHS = "$(inherited) @executable_path/Frameworks";
				PRODUCT_BUNDLE_IDENTIFIER = com.fruit.saloon;
				PRODUCT_NAME = "$(TARGET_NAME)";
				USER_HEADER_SEARCH_PATHS = "";
			};
			name = Release;
		};
/* End XCBuildConfiguration section */

/* Begin XCConfigurationList section */
		BFB57CBD1C3383BA005187B6 /* Build configuration list for PBXProject "saloon" */ = {
			isa = XCConfigurationList;
			buildConfigurations = (
				BFB57CD71C3383BA005187B6 /* Debug */,
				BFB57CD81C3383BA005187B6 /* Release */,
			);
			defaultConfigurationIsVisible = 0;
			defaultConfigurationName = Release;
		};
		BFB57CD91C3383BA005187B6 /* Build configuration list for PBXNativeTarget "saloon" */ = {
			isa = XCConfigurationList;
			buildConfigurations = (
				BFB57CDA1C3383BA005187B6 /* Debug */,
				BFB57CDB1C3383BA005187B6 /* Release */,
			);
			defaultConfigurationIsVisible = 0;
			defaultConfigurationName = Release;
		};
/* End XCConfigurationList section */
	};
	rootObject = BFB57CBA1C3383BA005187B6 /* Project object */;
}
